
Microsoft Visual Studio Solution File, Format Version 12.00
# Visual Studio 15
VisualStudioVersion = 15.0.27703.2042
MinimumVisualStudioVersion = 10.0.40219.1
Project("{FAE04EC0-301F-11D3-BF4B-00C04F79EFBC}") = "Assignment 1", "Assignment 1\Assignment 1.csproj", "{84FACA4D-F056-4031-88A8-DF7DF621473B}"
EndProject
Global
	GlobalSection(SolutionConfigurationPlatforms) = preSolution
		Debug|Any CPU = Debug|Any CPU
		Release|Any CPU = Release|Any CPU
	EndGlobalSection
	GlobalSection(ProjectConfigurationPlatforms) = postSolution
		{84FACA4D-F056-4031-88A8-DF7DF621473B}.Debug|Any CPU.ActiveCfg = Debug|Any CPU
		{84FACA4D-F056-4031-88A8-DF7DF621473B}.Debug|Any CPU.Build.0 = Debug|Any CPU
		{84FACA4D-F056-4031-88A8-DF7DF621473B}.Release|Any CPU.ActiveCfg = Release|Any CPU
		{84FACA4D-F056-4031-88A8-DF7DF621473B}.Release|Any CPU.Build.0 = Release|Any CPU
	EndGlobalSection
	GlobalSection(SolutionProperties) = preSolution
		HideSolutionNode = FALSE
	EndGlobalSection
	GlobalSection(ExtensibilityGlobals) = postSolution
		SolutionGuid = {CF8CD46A-D32E-4BB6-9521-428F622BCC79}
	EndGlobalSection
EndGlobal
